
Microsoft Visual Studio Solution File, Format Version 12.00
# Visual Studio Version 16
VisualStudioVersion = 16.0.30611.23
MinimumVisualStudioVersion = 10.0.40219.1
Project("{FAE04EC0-301F-11D3-BF4B-00C04F79EFBC}") = "AutonBuildCalculator", "AutonBuildCalculator\AutonBuildCalculator.csproj", "{0724A550-8498-4420-907C-6168202E798D}"
EndProject
Global
	GlobalSection(SolutionConfigurationPlatforms) = preSolution
		Debug|Any CPU = Debug|Any CPU
		Release|Any CPU = Release|Any CPU
	EndGlobalSection
	GlobalSection(ProjectConfigurationPlatforms) = postSolution
		{0724A550-8498-4420-907C-6168202E798D}.Debug|Any CPU.ActiveCfg = Debug|Any CPU
		{0724A550-8498-4420-907C-6168202E798D}.Debug|Any CPU.Build.0 = Debug|Any CPU
		{0724A550-8498-4420-907C-6168202E798D}.Release|Any CPU.ActiveCfg = Release|Any CPU
		{0724A550-8498-4420-907C-6168202E798D}.Release|Any CPU.Build.0 = Release|Any CPU
	EndGlobalSection
	GlobalSection(SolutionProperties) = preSolution
		HideSolutionNode = FALSE
	EndGlobalSection
	GlobalSection(ExtensibilityGlobals) = postSolution
		SolutionGuid = {CBBA6A42-DD7C-4567-96C6-398BECBABE13}
	EndGlobalSection
EndGlobal
